
Microsoft Visual Studio Solution File, Format Version 12.00
# Visual Studio Version 16
VisualStudioVersion = 16.0.31911.196
MinimumVisualStudioVersion = 10.0.40219.1
Project("{FAE04EC0-301F-11D3-BF4B-00C04F79EFBC}") = "Task", "Task\Task.csproj", "{E9AE8EE2-8CDA-4444-A82F-ECA0AF402BAB}"
EndProject
Global
	GlobalSection(SolutionConfigurationPlatforms) = preSolution
		Debug|Any CPU = Debug|Any CPU
		Release|Any CPU = Release|Any CPU
	EndGlobalSection
	GlobalSection(ProjectConfigurationPlatforms) = postSolution
		{E9AE8EE2-8CDA-4444-A82F-ECA0AF402BAB}.Debug|Any CPU.ActiveCfg = Debug|Any CPU
		{E9AE8EE2-8CDA-4444-A82F-ECA0AF402BAB}.Debug|Any CPU.Build.0 = Debug|Any CPU
		{E9AE8EE2-8CDA-4444-A82F-ECA0AF402BAB}.Release|Any CPU.ActiveCfg = Release|Any CPU
		{E9AE8EE2-8CDA-4444-A82F-ECA0AF402BAB}.Release|Any CPU.Build.0 = Release|Any CPU
	EndGlobalSection
	GlobalSection(SolutionProperties) = preSolution
		HideSolutionNode = FALSE
	EndGlobalSection
	GlobalSection(ExtensibilityGlobals) = postSolution
		SolutionGuid = {02125C27-145C-4827-90FA-930B4A1B1B2E}
	EndGlobalSection
EndGlobal
